
Microsoft Visual Studio Solution File, Format Version 10.00
# Visual Studio 2008
Project("{F184B08F-C81C-45F6-A57F-5ABD9991F28F}") = "FileMonitoringCore", "FileMonitoringCore\FileMonitoringCore.vbproj", "{C9EC4DA0-A341-404B-BBAF-A353305B229F}"
EndProject
Project("{F184B08F-C81C-45F6-A57F-5ABD9991F28F}") = "FileMonitoringServer", "FileMonitoringServer\FileMonitoringServer.vbproj", "{DE655EF3-EC3D-4BF9-8B76-A656C11A60A2}"
EndProject
Global
	GlobalSection(SolutionConfigurationPlatforms) = preSolution
		Debug|Any CPU = Debug|Any CPU
		Release|Any CPU = Release|Any CPU
	EndGlobalSection
	GlobalSection(ProjectConfigurationPlatforms) = postSolution
		{C9EC4DA0-A341-404B-BBAF-A353305B229F}.Debug|Any CPU.ActiveCfg = Debug|Any CPU
		{C9EC4DA0-A341-404B-BBAF-A353305B229F}.Debug|Any CPU.Build.0 = Debug|Any CPU
		{C9EC4DA0-A341-404B-BBAF-A353305B229F}.Release|Any CPU.ActiveCfg = Release|Any CPU
		{C9EC4DA0-A341-404B-BBAF-A353305B229F}.Release|Any CPU.Build.0 = Release|Any CPU
		{DE655EF3-EC3D-4BF9-8B76-A656C11A60A2}.Debug|Any CPU.ActiveCfg = Debug|Any CPU
		{DE655EF3-EC3D-4BF9-8B76-A656C11A60A2}.Debug|Any CPU.Build.0 = Debug|Any CPU
		{DE655EF3-EC3D-4BF9-8B76-A656C11A60A2}.Release|Any CPU.ActiveCfg = Release|Any CPU
		{DE655EF3-EC3D-4BF9-8B76-A656C11A60A2}.Release|Any CPU.Build.0 = Release|Any CPU
	EndGlobalSection
	GlobalSection(SolutionProperties) = preSolution
		HideSolutionNode = FALSE
	EndGlobalSection
EndGlobal
